
Microsoft Visual Studio Solution File, Format Version 12.00
# Visual Studio Version 17
VisualStudioVersion = 17.7.34221.43
MinimumVisualStudioVersion = 10.0.40219.1
Project("{9A19103F-16F7-4668-BE54-9A1E7A4F7556}") = "DayCare.Web", "DayCare.Web\DayCare.Web.csproj", "{D165D0CF-96FE-4088-8E1F-A9A6290DD737}"
EndProject
Project("{E53339B2-1760-4266-BCC7-CA923CBCF16C}") = "docker-compose", "docker-compose.dcproj", "{4DAB2757-9D22-46A3-8FD7-D953D7005754}"
EndProject
Project("{9A19103F-16F7-4668-BE54-9A1E7A4F7556}") = "DayCare.Azure", "DayCare.Azure\DayCare.Azure.csproj", "{C9FCEEBD-C35F-48D8-B50E-19E65CEEEC93}"
EndProject
Global
	GlobalSection(SolutionConfigurationPlatforms) = preSolution
		Debug|Any CPU = Debug|Any CPU
		Release|Any CPU = Release|Any CPU
	EndGlobalSection
	GlobalSection(ProjectConfigurationPlatforms) = postSolution
		{D165D0CF-96FE-4088-8E1F-A9A6290DD737}.Debug|Any CPU.ActiveCfg = Debug|Any CPU
		{D165D0CF-96FE-4088-8E1F-A9A6290DD737}.Debug|Any CPU.Build.0 = Debug|Any CPU
		{D165D0CF-96FE-4088-8E1F-A9A6290DD737}.Release|Any CPU.ActiveCfg = Release|Any CPU
		{D165D0CF-96FE-4088-8E1F-A9A6290DD737}.Release|Any CPU.Build.0 = Release|Any CPU
		{4DAB2757-9D22-46A3-8FD7-D953D7005754}.Debug|Any CPU.ActiveCfg = Debug|Any CPU
		{4DAB2757-9D22-46A3-8FD7-D953D7005754}.Debug|Any CPU.Build.0 = Debug|Any CPU
		{4DAB2757-9D22-46A3-8FD7-D953D7005754}.Release|Any CPU.ActiveCfg = Release|Any CPU
		{4DAB2757-9D22-46A3-8FD7-D953D7005754}.Release|Any CPU.Build.0 = Release|Any CPU
		{C9FCEEBD-C35F-48D8-B50E-19E65CEEEC93}.Debug|Any CPU.ActiveCfg = Debug|Any CPU
		{C9FCEEBD-C35F-48D8-B50E-19E65CEEEC93}.Debug|Any CPU.Build.0 = Debug|Any CPU
		{C9FCEEBD-C35F-48D8-B50E-19E65CEEEC93}.Release|Any CPU.ActiveCfg = Release|Any CPU
		{C9FCEEBD-C35F-48D8-B50E-19E65CEEEC93}.Release|Any CPU.Build.0 = Release|Any CPU
	EndGlobalSection
	GlobalSection(SolutionProperties) = preSolution
		HideSolutionNode = FALSE
	EndGlobalSection
	GlobalSection(ExtensibilityGlobals) = postSolution
		SolutionGuid = {C27018F5-F0DD-479D-A974-1A6B500448F4}
	EndGlobalSection
EndGlobal
